
Microsoft Visual Studio Solution File, Format Version 12.00
# Visual Studio 15
VisualStudioVersion = 15.0.28010.2019
MinimumVisualStudioVersion = 10.0.40219.1
Project("{FAE04EC0-301F-11D3-BF4B-00C04F79EFBC}") = "FarmersDelight", "FarmersDelight\FarmersDelight.csproj", "{118D0AD3-215D-4B2D-9FB1-CAD23231E6DD}"
EndProject
Global
	GlobalSection(SolutionConfigurationPlatforms) = preSolution
		Debug|Any CPU = Debug|Any CPU
		Release|Any CPU = Release|Any CPU
	EndGlobalSection
	GlobalSection(ProjectConfigurationPlatforms) = postSolution
		{118D0AD3-215D-4B2D-9FB1-CAD23231E6DD}.Debug|Any CPU.ActiveCfg = Debug|Any CPU
		{118D0AD3-215D-4B2D-9FB1-CAD23231E6DD}.Debug|Any CPU.Build.0 = Debug|Any CPU
		{118D0AD3-215D-4B2D-9FB1-CAD23231E6DD}.Release|Any CPU.ActiveCfg = Release|Any CPU
		{118D0AD3-215D-4B2D-9FB1-CAD23231E6DD}.Release|Any CPU.Build.0 = Release|Any CPU
	EndGlobalSection
	GlobalSection(SolutionProperties) = preSolution
		HideSolutionNode = FALSE
	EndGlobalSection
	GlobalSection(ExtensibilityGlobals) = postSolution
		SolutionGuid = {BCF8D7AF-C4FD-41B9-9131-044BCA650A15}
	EndGlobalSection
EndGlobal
